// !$*UTF8*$!
{
	archiveVersion = 1;
	classes = {
	};
	objectVersion = 55;
	objects = {

/* Begin PBXBuildFile section */
		DA4EC167278BCD50005A2A8C /* AppDelegate.swift in Sources */ = {isa = PBXBuildFile; fileRef = DA4EC166278BCD50005A2A8C /* AppDelegate.swift */; };
		DA4EC169278BCD50005A2A8C /* SceneDelegate.swift in Sources */ = {isa = PBXBuildFile; fileRef = DA4EC168278BCD50005A2A8C /* SceneDelegate.swift */; };
		DA4EC16B278BCD50005A2A8C /* ViewController.swift in Sources */ = {isa = PBXBuildFile; fileRef = DA4EC16A278BCD50005A2A8C /* ViewController.swift */; };
		DA4EC171278BCD50005A2A8C /* HappyMorning.xcdatamodeld in Sources */ = {isa = PBXBuildFile; fileRef = DA4EC16F278BCD50005A2A8C /* HappyMorning.xcdatamodeld */; };
		DA4EC173278BCD53005A2A8C /* Assets.xcassets in Resources */ = {isa = PBXBuildFile; fileRef = DA4EC172278BCD53005A2A8C /* Assets.xcassets */; };
		DA4EC176278BCD53005A2A8C /* LaunchScreen.storyboard in Resources */ = {isa = PBXBuildFile; fileRef = DA4EC174278BCD53005A2A8C /* LaunchScreen.storyboard */; };
		DA4EC181278BCD54005A2A8C /* HappyMorningTests.swift in Sources */ = {isa = PBXBuildFile; fileRef = DA4EC180278BCD54005A2A8C /* HappyMorningTests.swift */; };
		DA4EC18B278BCD54005A2A8C /* HappyMorningUITests.swift in Sources */ = {isa = PBXBuildFile; fileRef = DA4EC18A278BCD54005A2A8C /* HappyMorningUITests.swift */; };
		DA4EC18D278BCD54005A2A8C /* HappyMorningUITestsLaunchTests.swift in Sources */ = {isa = PBXBuildFile; fileRef = DA4EC18C278BCD54005A2A8C /* HappyMorningUITestsLaunchTests.swift */; };
/* End PBXBuildFile section */

/* Begin PBXContainerItemProxy section */
		DA4EC17D278BCD54005A2A8C /* PBXContainerItemProxy */ = {
			isa = PBXContainerItemProxy;
			containerPortal = DA4EC15B278BCD50005A2A8C /* Project object */;
			proxyType = 1;
			remoteGlobalIDString = DA4EC162278BCD50005A2A8C;
			remoteInfo = HappyMorning;
		};
		DA4EC187278BCD54005A2A8C /* PBXContainerItemProxy */ = {
			isa = PBXContainerItemProxy;
			containerPortal = DA4EC15B278BCD50005A2A8C /* Project object */;
			proxyType = 1;
			remoteGlobalIDString = DA4EC162278BCD50005A2A8C;
			remoteInfo = HappyMorning;
		};
/* End PBXContainerItemProxy section */

/* Begin PBXFileReference section */
		DA4EC163278BCD50005A2A8C /* HappyMorning.app */ = {isa = PBXFileReference; explicitFileType = wrapper.application; includeInIndex = 0; path = HappyMorning.app; sourceTree = BUILT_PRODUCTS_DIR; };
		DA4EC166278BCD50005A2A8C /* AppDelegate.swift */ = {isa = PBXFileReference; lastKnownFileType = sourcecode.swift; path = AppDelegate.swift; sourceTree = "<group>"; };
		DA4EC168278BCD50005A2A8C /* SceneDelegate.swift */ = {isa = PBXFileReference; lastKnownFileType = sourcecode.swift; path = SceneDelegate.swift; sourceTree = "<group>"; };
		DA4EC16A278BCD50005A2A8C /* ViewController.swift */ = {isa = PBXFileReference; lastKnownFileType = sourcecode.swift; path = ViewController.swift; sourceTree = "<group>"; };
		DA4EC170278BCD50005A2A8C /* HappyMorning.xcdatamodel */ = {isa = PBXFileReference; lastKnownFileType = wrapper.xcdatamodel; path = HappyMorning.xcdatamodel; sourceTree = "<group>"; };
		DA4EC172278BCD53005A2A8C /* Assets.xcassets */ = {isa = PBXFileReference; lastKnownFileType = folder.assetcatalog; path = Assets.xcassets; sourceTree = "<group>"; };
		DA4EC175278BCD53005A2A8C /* Base */ = {isa = PBXFileReference; lastKnownFileType = file.storyboard; name = Base; path = Base.lproj/LaunchScreen.storyboard; sourceTree = "<group>"; };
		DA4EC177278BCD53005A2A8C /* Info.plist */ = {isa = PBXFileReference; lastKnownFileType = text.plist.xml; path = Info.plist; sourceTree = "<group>"; };
		DA4EC17C278BCD54005A2A8C /* HappyMorningTests.xctest */ = {isa = PBXFileReference; explicitFileType = wrapper.cfbundle; includeInIndex = 0; path = HappyMorningTests.xctest; sourceTree = BUILT_PRODUCTS_DIR; };
		DA4EC180278BCD54005A2A8C /* HappyMorningTests.swift */ = {isa = PBXFileReference; lastKnownFileType = sourcecode.swift; path = HappyMorningTests.swift; sourceTree = "<group>"; };
		DA4EC186278BCD54005A2A8C /* HappyMorningUITests.xctest */ = {isa = PBXFileReference; explicitFileType = wrapper.cfbundle; includeInIndex = 0; path = HappyMorningUITests.xctest; sourceTree = BUILT_PRODUCTS_DIR; };
		DA4EC18A278BCD54005A2A8C /* HappyMorningUITests.swift */ = {isa = PBXFileReference; lastKnownFileType = sourcecode.swift; path = HappyMorningUITests.swift; sourceTree = "<group>"; };
		DA4EC18C278BCD54005A2A8C /* HappyMorningUITestsLaunchTests.swift */ = {isa = PBXFileReference; lastKnownFileType = sourcecode.swift; path = HappyMorningUITestsLaunchTests.swift; sourceTree = "<group>"; };
/* End PBXFileReference section */

/* Begin PBXFrameworksBuildPhase section */
		DA4EC160278BCD50005A2A8C /* Frameworks */ = {
			isa = PBXFrameworksBuildPhase;
			buildActionMask = 2147483647;
			files = (
			);
			runOnlyForDeploymentPostprocessing = 0;
		};
		DA4EC179278BCD54005A2A8C /* Frameworks */ = {
			isa = PBXFrameworksBuildPhase;
			buildActionMask = 2147483647;
			files = (
			);
			runOnlyForDeploymentPostprocessing = 0;
		};
		DA4EC183278BCD54005A2A8C /* Frameworks */ = {
			isa = PBXFrameworksBuildPhase;
			buildActionMask = 2147483647;
			files = (
			);
			runOnlyForDeploymentPostprocessing = 0;
		};
/* End PBXFrameworksBuildPhase section */

/* Begin PBXGroup section */
		DA4EC15A278BCD50005A2A8C = {
			isa = PBXGroup;
			children = (
				DA4EC165278BCD50005A2A8C /* HappyMorning */,
				DA4EC17F278BCD54005A2A8C /* HappyMorningTests */,
				DA4EC189278BCD54005A2A8C /* HappyMorningUITests */,
				DA4EC164278BCD50005A2A8C /* Products */,
			);
			sourceTree = "<group>";
		};
		DA4EC164278BCD50005A2A8C /* Products */ = {
			isa = PBXGroup;
			children = (
				DA4EC163278BCD50005A2A8C /* HappyMorning.app */,
				DA4EC17C278BCD54005A2A8C /* HappyMorningTests.xctest */,
				DA4EC186278BCD54005A2A8C /* HappyMorningUITests.xctest */,
			);
			name = Products;
			sourceTree = "<group>";
		};
		DA4EC165278BCD50005A2A8C /* HappyMorning */ = {
			isa = PBXGroup;
			children = (
				DA4EC166278BCD50005A2A8C /* AppDelegate.swift */,
				DA4EC168278BCD50005A2A8C /* SceneDelegate.swift */,
				DA4EC16A278BCD50005A2A8C /* ViewController.swift */,
				DA4EC172278BCD53005A2A8C /* Assets.xcassets */,
				DA4EC174278BCD53005A2A8C /* LaunchScreen.storyboard */,
				DA4EC177278BCD53005A2A8C /* Info.plist */,
				DA4EC16F278BCD50005A2A8C /* HappyMorning.xcdatamodeld */,
			);
			path = HappyMorning;
			sourceTree = "<group>";
		};
		DA4EC17F278BCD54005A2A8C /* HappyMorningTests */ = {
			isa = PBXGroup;
			children = (
				DA4EC180278BCD54005A2A8C /* HappyMorningTests.swift */,
			);
			path = HappyMorningTests;
			sourceTree = "<group>";
		};
		DA4EC189278BCD54005A2A8C /* HappyMorningUITests */ = {
			isa = PBXGroup;
			children = (
				DA4EC18A278BCD54005A2A8C /* HappyMorningUITests.swift */,
				DA4EC18C278BCD54005A2A8C /* HappyMorningUITestsLaunchTests.swift */,
			);
			path = HappyMorningUITests;
			sourceTree = "<group>";
		};
/* End PBXGroup section */

/* Begin PBXNativeTarget section */
		DA4EC162278BCD50005A2A8C /* HappyMorning */ = {
			isa = PBXNativeTarget;
			buildConfigurationList = DA4EC190278BCD54005A2A8C /* Build configuration list for PBXNativeTarget "HappyMorning" */;
			buildPhases = (
				DA4EC15F278BCD50005A2A8C /* Sources */,
				DA4EC160278BCD50005A2A8C /* Frameworks */,
				DA4EC161278BCD50005A2A8C /* Resources */,
			);
			buildRules = (
			);
			dependencies = (
			);
			name = HappyMorning;
			productName = HappyMorning;
			productReference = DA4EC163278BCD50005A2A8C /* HappyMorning.app */;
			productType = "com.apple.product-type.application";
		};
		DA4EC17B278BCD54005A2A8C /* HappyMorningTests */ = {
			isa = PBXNativeTarget;
			buildConfigurationList = DA4EC193278BCD54005A2A8C /* Build configuration list for PBXNativeTarget "HappyMorningTests" */;
			buildPhases = (
				DA4EC178278BCD54005A2A8C /* Sources */,
				DA4EC179278BCD54005A2A8C /* Frameworks */,
				DA4EC17A278BCD54005A2A8C /* Resources */,
			);
			buildRules = (
			);
			dependencies = (
				DA4EC17E278BCD54005A2A8C /* PBXTargetDependency */,
			);
			name = HappyMorningTests;
			productName = HappyMorningTests;
			productReference = DA4EC17C278BCD54005A2A8C /* HappyMorningTests.xctest */;
			productType = "com.apple.product-type.bundle.unit-test";
		};
		DA4EC185278BCD54005A2A8C /* HappyMorningUITests */ = {
			isa = PBXNativeTarget;
			buildConfigurationList = DA4EC196278BCD54005A2A8C /* Build configuration list for PBXNativeTarget "HappyMorningUITests" */;
			buildPhases = (
				DA4EC182278BCD54005A2A8C /* Sources */,
				DA4EC183278BCD54005A2A8C /* Frameworks */,
				DA4EC184278BCD54005A2A8C /* Resources */,
			);
			buildRules = (
			);
			dependencies = (
				DA4EC188278BCD54005A2A8C /* PBXTargetDependency */,
			);
			name = HappyMorningUITests;
			productName = HappyMorningUITests;
			productReference = DA4EC186278BCD54005A2A8C /* HappyMorningUITests.xctest */;
			productType = "com.apple.product-type.bundle.ui-testing";
		};
/* End PBXNativeTarget section */

/* Begin PBXProject section */
		DA4EC15B278BCD50005A2A8C /* Project object */ = {
			isa = PBXProject;
			attributes = {
				BuildIndependentTargetsInParallel = 1;
				LastSwiftUpdateCheck = 1320;
				LastUpgradeCheck = 1320;
				TargetAttributes = {
					DA4EC162278BCD50005A2A8C = {
						CreatedOnToolsVersion = 13.2.1;
					};
					DA4EC17B278BCD54005A2A8C = {
						CreatedOnToolsVersion = 13.2.1;
						TestTargetID = DA4EC162278BCD50005A2A8C;
					};
					DA4EC185278BCD54005A2A8C = {
						CreatedOnToolsVersion = 13.2.1;
						TestTargetID = DA4EC162278BCD50005A2A8C;
					};
				};
			};
			buildConfigurationList = DA4EC15E278BCD50005A2A8C /* Build configuration list for PBXProject "HappyMorning" */;
			compatibilityVersion = "Xcode 13.0";
			developmentRegion = en;
			hasScannedForEncodings = 0;
			knownRegions = (
				en,
				Base,
			);
			mainGroup = DA4EC15A278BCD50005A2A8C;
			productRefGroup = DA4EC164278BCD50005A2A8C /* Products */;
			projectDirPath = "";
			projectRoot = "";
			targets = (
				DA4EC162278BCD50005A2A8C /* HappyMorning */,
				DA4EC17B278BCD54005A2A8C /* HappyMorningTests */,
				DA4EC185278BCD54005A2A8C /* HappyMorningUITests */,
			);
		};
/* End PBXProject section */

/* Begin PBXResourcesBuildPhase section */
		DA4EC161278BCD50005A2A8C /* Resources */ = {
			isa = PBXResourcesBuildPhase;
			buildActionMask = 2147483647;
			files = (
				DA4EC176278BCD53005A2A8C /* LaunchScreen.storyboard in Resources */,
				DA4EC173278BCD53005A2A8C /* Assets.xcassets in Resources */,
			);
			runOnlyForDeploymentPostprocessing = 0;
		};
		DA4EC17A278BCD54005A2A8C /* Resources */ = {
			isa = PBXResourcesBuildPhase;
			buildActionMask = 2147483647;
			files = (
			);
			runOnlyForDeploymentPostprocessing = 0;
		};
		DA4EC184278BCD54005A2A8C /* Resources */ = {
			isa = PBXResourcesBuildPhase;
			buildActionMask = 2147483647;
			files = (
			);
			runOnlyForDeploymentPostprocessing = 0;
		};
/* End PBXResourcesBuildPhase section */

/* Begin PBXSourcesBuildPhase section */
		DA4EC15F278BCD50005A2A8C /* Sources */ = {
			isa = PBXSourcesBuildPhase;
			buildActionMask = 2147483647;
			files = (
				DA4EC16B278BCD50005A2A8C /* ViewController.swift in Sources */,
				DA4EC171278BCD50005A2A8C /* HappyMorning.xcdatamodeld in Sources */,
				DA4EC167278BCD50005A2A8C /* AppDelegate.swift in Sources */,
				DA4EC169278BCD50005A2A8C /* SceneDelegate.swift in Sources */,
			);
			runOnlyForDeploymentPostprocessing = 0;
		};
		DA4EC178278BCD54005A2A8C /* Sources */ = {
			isa = PBXSourcesBuildPhase;
			buildActionMask = 2147483647;
			files = (
				DA4EC181278BCD54005A2A8C /* HappyMorningTests.swift in Sources */,
			);
			runOnlyForDeploymentPostprocessing = 0;
		};
		DA4EC182278BCD54005A2A8C /* Sources */ = {
			isa = PBXSourcesBuildPhase;
			buildActionMask = 2147483647;
			files = (
				DA4EC18D278BCD54005A2A8C /* HappyMorningUITestsLaunchTests.swift in Sources */,
				DA4EC18B278BCD54005A2A8C /* HappyMorningUITests.swift in Sources */,
			);
			runOnlyForDeploymentPostprocessing = 0;
		};
/* End PBXSourcesBuildPhase section */

/* Begin PBXTargetDependency section */
		DA4EC17E278BCD54005A2A8C /* PBXTargetDependency */ = {
			isa = PBXTargetDependency;
			target = DA4EC162278BCD50005A2A8C /* HappyMorning */;
			targetProxy = DA4EC17D278BCD54005A2A8C /* PBXContainerItemProxy */;
		};
		DA4EC188278BCD54005A2A8C /* PBXTargetDependency */ = {
			isa = PBXTargetDependency;
			target = DA4EC162278BCD50005A2A8C /* HappyMorning */;
			targetProxy = DA4EC187278BCD54005A2A8C /* PBXContainerItemProxy */;
		};
/* End PBXTargetDependency section */

/* Begin PBXVariantGroup section */
		DA4EC174278BCD53005A2A8C /* LaunchScreen.storyboard */ = {
			isa = PBXVariantGroup;
			children = (
				DA4EC175278BCD53005A2A8C /* Base */,
			);
			name = LaunchScreen.storyboard;
			sourceTree = "<group>";
		};
/* End PBXVariantGroup section */

/* Begin XCBuildConfiguration section */
		DA4EC18E278BCD54005A2A8C /* Debug */ = {
			isa = XCBuildConfiguration;
			buildSettings = {
				ALWAYS_SEARCH_USER_PATHS = NO;
				CLANG_ANALYZER_NONNULL = YES;
				CLANG_ANALYZER_NUMBER_OBJECT_CONVERSION = YES_AGGRESSIVE;
				CLANG_CXX_LANGUAGE_STANDARD = "gnu++17";
				CLANG_CXX_LIBRARY = "libc++";
				CLANG_ENABLE_MODULES = YES;
				CLANG_ENABLE_OBJC_ARC = YES;
				CLANG_ENABLE_OBJC_WEAK = YES;
				CLANG_WARN_BLOCK_CAPTURE_AUTORELEASING = YES;
				CLANG_WARN_BOOL_CONVERSION = YES;
				CLANG_WARN_COMMA = YES;
				CLANG_WARN_CONSTANT_CONVERSION = YES;
				CLANG_WARN_DEPRECATED_OBJC_IMPLEMENTATIONS = YES;
				CLANG_WARN_DIRECT_OBJC_ISA_USAGE = YES_ERROR;
				CLANG_WARN_DOCUMENTATION_COMMENTS = YES;
				CLANG_WARN_EMPTY_BODY = YES;
				CLANG_WARN_ENUM_CONVERSION = YES;
				CLANG_WARN_INFINITE_RECURSION = YES;
				CLANG_WARN_INT_CONVERSION = YES;
				CLANG_WARN_NON_LITERAL_NULL_CONVERSION = YES;
				CLANG_WARN_OBJC_IMPLICIT_RETAIN_SELF = YES;
				CLANG_WARN_OBJC_LITERAL_CONVERSION = YES;
				CLANG_WARN_OBJC_ROOT_CLASS = YES_ERROR;
				CLANG_WARN_QUOTED_INCLUDE_IN_FRAMEWORK_HEADER = YES;
				CLANG_WARN_RANGE_LOOP_ANALYSIS = YES;
				CLANG_WARN_STRICT_PROTOTYPES = YES;
				CLANG_WARN_SUSPICIOUS_MOVE = YES;
				CLANG_WARN_UNGUARDED_AVAILABILITY = YES_AGGRESSIVE;
				CLANG_WARN_UNREACHABLE_CODE = YES;
				CLANG_WARN__DUPLICATE_METHOD_MATCH = YES;
				COPY_PHASE_STRIP = NO;
				DEBUG_INFORMATION_FORMAT = dwarf;
				ENABLE_STRICT_OBJC_MSGSEND = YES;
				ENABLE_TESTABILITY = YES;
				GCC_C_LANGUAGE_STANDARD = gnu11;
				GCC_DYNAMIC_NO_PIC = NO;
				GCC_NO_COMMON_BLOCKS = YES;
				GCC_OPTIMIZATION_LEVEL = 0;
				GCC_PREPROCESSOR_DEFINITIONS = (
					"DEBUG=1",
					"$(inherited)",
				);
				GCC_WARN_64_TO_32_BIT_CONVERSION = YES;
				GCC_WARN_ABOUT_RETURN_TYPE = YES_ERROR;
				GCC_WARN_UNDECLARED_SELECTOR = YES;
				GCC_WARN_UNINITIALIZED_AUTOS = YES_AGGRESSIVE;
				GCC_WARN_UNUSED_FUNCTION = YES;
				GCC_WARN_UNUSED_VARIABLE = YES;
				IPHONEOS_DEPLOYMENT_TARGET = 15.2;
				MTL_ENABLE_DEBUG_INFO = INCLUDE_SOURCE;
				MTL_FAST_MATH = YES;
				ONLY_ACTIVE_ARCH = YES;
				SDKROOT = iphoneos;
				SWIFT_ACTIVE_COMPILATION_CONDITIONS = DEBUG;
				SWIFT_OPTIMIZATION_LEVEL = "-Onone";
			};
			name = Debug;
		};
		DA4EC18F278BCD54005A2A8C /* Release */ = {
			isa = XCBuildConfiguration;
			buildSettings = {
				ALWAYS_SEARCH_USER_PATHS = NO;
				CLANG_ANALYZER_NONNULL = YES;
				CLANG_ANALYZER_NUMBER_OBJECT_CONVERSION = YES_AGGRESSIVE;
				CLANG_CXX_LANGUAGE_STANDARD = "gnu++17";
				CLANG_CXX_LIBRARY = "libc++";
				CLANG_ENABLE_MODULES = YES;
				CLANG_ENABLE_OBJC_ARC = YES;
				CLANG_ENABLE_OBJC_WEAK = YES;
				CLANG_WARN_BLOCK_CAPTURE_AUTORELEASING = YES;
				CLANG_WARN_BOOL_CONVERSION = YES;
				CLANG_WARN_COMMA = YES;
				CLANG_WARN_CONSTANT_CONVERSION = YES;
				CLANG_WARN_DEPRECATED_OBJC_IMPLEMENTATIONS = YES;
				CLANG_WARN_DIRECT_OBJC_ISA_USAGE = YES_ERROR;
				CLANG_WARN_DOCUMENTATION_COMMENTS = YES;
				CLANG_WARN_EMPTY_BODY = YES;
				CLANG_WARN_ENUM_CONVERSION = YES;
				CLANG_WARN_INFINITE_RECURSION = YES;
				CLANG_WARN_INT_CONVERSION = YES;
				CLANG_WARN_NON_LITERAL_NULL_CONVERSION = YES;
				CLANG_WARN_OBJC_IMPLICIT_RETAIN_SELF = YES;
				CLANG_WARN_OBJC_LITERAL_CONVERSION = YES;
				CLANG_WARN_OBJC_ROOT_CLASS = YES_ERROR;
				CLANG_WARN_QUOTED_INCLUDE_IN_FRAMEWORK_HEADER = YES;
				CLANG_WARN_RANGE_LOOP_ANALYSIS = YES;
				CLANG_WARN_STRICT_PROTOTYPES = YES;
				CLANG_WARN_SUSPICIOUS_MOVE = YES;
				CLANG_WARN_UNGUARDED_AVAILABILITY = YES_AGGRESSIVE;
				CLANG_WARN_UNREACHABLE_CODE = YES;
				CLANG_WARN__DUPLICATE_METHOD_MATCH = YES;
				COPY_PHASE_STRIP = NO;
				DEBUG_INFORMATION_FORMAT = "dwarf-with-dsym";
				ENABLE_NS_ASSERTIONS = NO;
				ENABLE_STRICT_OBJC_MSGSEND = YES;
				GCC_C_LANGUAGE_STANDARD = gnu11;
				GCC_NO_COMMON_BLOCKS = YES;
				GCC_WARN_64_TO_32_BIT_CONVERSION = YES;
				GCC_WARN_ABOUT_RETURN_TYPE = YES_ERROR;
				GCC_WARN_UNDECLARED_SELECTOR = YES;
				GCC_WARN_UNINITIALIZED_AUTOS = YES_AGGRESSIVE;
				GCC_WARN_UNUSED_FUNCTION = YES;
				GCC_WARN_UNUSED_VARIABLE = YES;
				IPHONEOS_DEPLOYMENT_TARGET = 15.2;
				MTL_ENABLE_DEBUG_INFO = NO;
				MTL_FAST_MATH = YES;
				SDKROOT = iphoneos;
				SWIFT_COMPILATION_MODE = wholemodule;
				SWIFT_OPTIMIZATION_LEVEL = "-O";
				VALIDATE_PRODUCT = YES;
			};
			name = Release;
		};
		DA4EC191278BCD54005A2A8C /* Debug */ = {
			isa = XCBuildConfiguration;
			buildSettings = {
				ASSETCATALOG_COMPILER_APPICON_NAME = AppIcon;
				ASSETCATALOG_COMPILER_GLOBAL_ACCENT_COLOR_NAME = AccentColor;
				CODE_SIGN_STYLE = Automatic;
				CURRENT_PROJECT_VERSION = 1;
				GENERATE_INFOPLIST_FILE = YES;
				INFOPLIST_FILE = HappyMorning/Info.plist;
				INFOPLIST_KEY_UIApplicationSupportsIndirectInputEvents = YES;
				INFOPLIST_KEY_UILaunchStoryboardName = LaunchScreen;
				INFOPLIST_KEY_UISupportedInterfaceOrientations_iPad = "UIInterfaceOrientationPortrait UIInterfaceOrientationPortraitUpsideDown UIInterfaceOrientationLandscapeLeft UIInterfaceOrientationLandscapeRight";
				INFOPLIST_KEY_UISupportedInterfaceOrientations_iPhone = "UIInterfaceOrientationPortrait UIInterfaceOrientationLandscapeLeft UIInterfaceOrientationLandscapeRight";
				LD_RUNPATH_SEARCH_PATHS = (
					"$(inherited)",
					"@executable_path/Frameworks",
				);
				MARKETING_VERSION = 1.0;
				PRODUCT_BUNDLE_IDENTIFIER = "cardozoliseth-gmail.com.HappyMorning";
				PRODUCT_NAME = "$(TARGET_NAME)";
				SWIFT_EMIT_LOC_STRINGS = YES;
				SWIFT_VERSION = 5.0;
				TARGETED_DEVICE_FAMILY = "1,2";
			};
			name = Debug;
		};
		DA4EC192278BCD54005A2A8C /* Release */ = {
			isa = XCBuildConfiguration;
			buildSettings = {
				ASSETCATALOG_COMPILER_APPICON_NAME = AppIcon;
				ASSETCATALOG_COMPILER_GLOBAL_ACCENT_COLOR_NAME = AccentColor;
				CODE_SIGN_STYLE = Automatic;
				CURRENT_PROJECT_VERSION = 1;
				GENERATE_INFOPLIST_FILE = YES;
				INFOPLIST_FILE = HappyMorning/Info.plist;
				INFOPLIST_KEY_UIApplicationSupportsIndirectInputEvents = YES;
				INFOPLIST_KEY_UILaunchStoryboardName = LaunchScreen;
				INFOPLIST_KEY_UISupportedInterfaceOrientations_iPad = "UIInterfaceOrientationPortrait UIInterfaceOrientationPortraitUpsideDown UIInterfaceOrientationLandscapeLeft UIInterfaceOrientationLandscapeRight";
				INFOPLIST_KEY_UISupportedInterfaceOrientations_iPhone = "UIInterfaceOrientationPortrait UIInterfaceOrientationLandscapeLeft UIInterfaceOrientationLandscapeRight";
				LD_RUNPATH_SEARCH_PATHS = (
					"$(inherited)",
					"@executable_path/Frameworks",
				);
				MARKETING_VERSION = 1.0;
				PRODUCT_BUNDLE_IDENTIFIER = "cardozoliseth-gmail.com.HappyMorning";
				PRODUCT_NAME = "$(TARGET_NAME)";
				SWIFT_EMIT_LOC_STRINGS = YES;
				SWIFT_VERSION = 5.0;
				TARGETED_DEVICE_FAMILY = "1,2";
			};
			name = Release;
		};
		DA4EC194278BCD54005A2A8C /* Debug */ = {
			isa = XCBuildConfiguration;
			buildSettings = {
				ALWAYS_EMBED_SWIFT_STANDARD_LIBRARIES = YES;
				BUNDLE_LOADER = "$(TEST_HOST)";
				CODE_SIGN_STYLE = Automatic;
				CURRENT_PROJECT_VERSION = 1;
				GENERATE_INFOPLIST_FILE = YES;
				IPHONEOS_DEPLOYMENT_TARGET = 15.2;
				MARKETING_VERSION = 1.0;
				PRODUCT_BUNDLE_IDENTIFIER = "cardozoliseth-gmail.com.HappyMorningTests";
				PRODUCT_NAME = "$(TARGET_NAME)";
				SWIFT_EMIT_LOC_STRINGS = NO;
				SWIFT_VERSION = 5.0;
				TARGETED_DEVICE_FAMILY = "1,2";
				TEST_HOST = "$(BUILT_PRODUCTS_DIR)/HappyMorning.app/HappyMorning";
			};
			name = Debug;
		};
		DA4EC195278BCD54005A2A8C /* Release */ = {
			isa = XCBuildConfiguration;
			buildSettings = {
				ALWAYS_EMBED_SWIFT_STANDARD_LIBRARIES = YES;
				BUNDLE_LOADER = "$(TEST_HOST)";
				CODE_SIGN_STYLE = Automatic;
				CURRENT_PROJECT_VERSION = 1;
				GENERATE_INFOPLIST_FILE = YES;
				IPHONEOS_DEPLOYMENT_TARGET = 15.2;
				MARKETING_VERSION = 1.0;
				PRODUCT_BUNDLE_IDENTIFIER = "cardozoliseth-gmail.com.HappyMorningTests";
				PRODUCT_NAME = "$(TARGET_NAME)";
				SWIFT_EMIT_LOC_STRINGS = NO;
				SWIFT_VERSION = 5.0;
				TARGETED_DEVICE_FAMILY = "1,2";
				TEST_HOST = "$(BUILT_PRODUCTS_DIR)/HappyMorning.app/HappyMorning";
			};
			name = Release;
		};
		DA4EC197278BCD54005A2A8C /* Debug */ = {
			isa = XCBuildConfiguration;
			buildSettings = {
				ALWAYS_EMBED_SWIFT_STANDARD_LIBRARIES = YES;
				CODE_SIGN_STYLE = Automatic;
				CURRENT_PROJECT_VERSION = 1;
				GENERATE_INFOPLIST_FILE = YES;
				MARKETING_VERSION = 1.0;
				PRODUCT_BUNDLE_IDENTIFIER = "cardozoliseth-gmail.com.HappyMorningUITests";
				PRODUCT_NAME = "$(TARGET_NAME)";
				SWIFT_EMIT_LOC_STRINGS = NO;
				SWIFT_VERSION = 5.0;
				TARGETED_DEVICE_FAMILY = "1,2";
				TEST_TARGET_NAME = HappyMorning;
			};
			name = Debug;
		};
		DA4EC198278BCD54005A2A8C /* Release */ = {
			isa = XCBuildConfiguration;
			buildSettings = {
				ALWAYS_EMBED_SWIFT_STANDARD_LIBRARIES = YES;
				CODE_SIGN_STYLE = Automatic;
				CURRENT_PROJECT_VERSION = 1;
				GENERATE_INFOPLIST_FILE = YES;
				MARKETING_VERSION = 1.0;
				PRODUCT_BUNDLE_IDENTIFIER = "cardozoliseth-gmail.com.HappyMorningUITests";
				PRODUCT_NAME = "$(TARGET_NAME)";
				SWIFT_EMIT_LOC_STRINGS = NO;
				SWIFT_VERSION = 5.0;
				TARGETED_DEVICE_FAMILY = "1,2";
				TEST_TARGET_NAME = HappyMorning;
			};
			name = Release;
		};
/* End XCBuildConfiguration section */

/* Begin XCConfigurationList section */
		DA4EC15E278BCD50005A2A8C /* Build configuration list for PBXProject "HappyMorning" */ = {
			isa = XCConfigurationList;
			buildConfigurations = (
				DA4EC18E278BCD54005A2A8C /* Debug */,
				DA4EC18F278BCD54005A2A8C /* Release */,
			);
			defaultConfigurationIsVisible = 0;
			defaultConfigurationName = Release;
		};
		DA4EC190278BCD54005A2A8C /* Build configuration list for PBXNativeTarget "HappyMorning" */ = {
			isa = XCConfigurationList;
			buildConfigurations = (
				DA4EC191278BCD54005A2A8C /* Debug */,
				DA4EC192278BCD54005A2A8C /* Release */,
			);
			defaultConfigurationIsVisible = 0;
			defaultConfigurationName = Release;
		};
		DA4EC193278BCD54005A2A8C /* Build configuration list for PBXNativeTarget "HappyMorningTests" */ = {
			isa = XCConfigurationList;
			buildConfigurations = (
				DA4EC194278BCD54005A2A8C /* Debug */,
				DA4EC195278BCD54005A2A8C /* Release */,
			);
			defaultConfigurationIsVisible = 0;
			defaultConfigurationName = Release;
		};
		DA4EC196278BCD54005A2A8C /* Build configuration list for PBXNativeTarget "HappyMorningUITests" */ = {
			isa = XCConfigurationList;
			buildConfigurations = (
				DA4EC197278BCD54005A2A8C /* Debug */,
				DA4EC198278BCD54005A2A8C /* Release */,
			);
			defaultConfigurationIsVisible = 0;
			defaultConfigurationName = Release;
		};
/* End XCConfigurationList section */

/* Begin XCVersionGroup section */
		DA4EC16F278BCD50005A2A8C /* HappyMorning.xcdatamodeld */ = {
			isa = XCVersionGroup;
			children = (
				DA4EC170278BCD50005A2A8C /* HappyMorning.xcdatamodel */,
			);
			currentVersion = DA4EC170278BCD50005A2A8C /* HappyMorning.xcdatamodel */;
			path = HappyMorning.xcdatamodeld;
			sourceTree = "<group>";
			versionGroupType = wrapper.xcdatamodel;
		};
/* End XCVersionGroup section */
	};
	rootObject = DA4EC15B278BCD50005A2A8C /* Project object */;
}
